
Microsoft Visual Studio Solution File, Format Version 11.00
# Visual Studio 2010
Project("{8BC9CEB8-8B4A-11D0-8D11-00A0C91BC942}") = "tommyOpenglWindow_v201306", "tommyOpenglWindow_v201306.vcxproj", "{226E6FE6-C438-4983-BCEE-42B347EA8C8A}"
EndProject
Global
	GlobalSection(SolutionConfigurationPlatforms) = preSolution
		Debug|Win32 = Debug|Win32
		Release|Win32 = Release|Win32
	EndGlobalSection
	GlobalSection(ProjectConfigurationPlatforms) = postSolution
		{226E6FE6-C438-4983-BCEE-42B347EA8C8A}.Debug|Win32.ActiveCfg = Debug|Win32
		{226E6FE6-C438-4983-BCEE-42B347EA8C8A}.Debug|Win32.Build.0 = Debug|Win32
		{226E6FE6-C438-4983-BCEE-42B347EA8C8A}.Release|Win32.ActiveCfg = Release|Win32
		{226E6FE6-C438-4983-BCEE-42B347EA8C8A}.Release|Win32.Build.0 = Release|Win32
	EndGlobalSection
	GlobalSection(SolutionProperties) = preSolution
		HideSolutionNode = FALSE
	EndGlobalSection
EndGlobal
